
Microsoft Visual Studio Solution File, Format Version 12.00
Project("{FAE04EC0-301F-11D3-BF4B-00C04F79EFBC}") = "AzureTestApp", "AzureTestApp\AzureTestApp.csproj", "{BAF04395-827E-422F-8CE0-1618B7E38FCE}"
EndProject
Project("{FAE04EC0-301F-11D3-BF4B-00C04F79EFBC}") = "Test", "Test\Test.csproj", "{3CDEB42D-A375-4E2E-8680-243547E18785}"
EndProject
Global
	GlobalSection(SolutionConfigurationPlatforms) = preSolution
		Debug|Any CPU = Debug|Any CPU
		Release|Any CPU = Release|Any CPU
	EndGlobalSection
	GlobalSection(ProjectConfigurationPlatforms) = postSolution
		{BAF04395-827E-422F-8CE0-1618B7E38FCE}.Debug|Any CPU.ActiveCfg = Debug|Any CPU
		{BAF04395-827E-422F-8CE0-1618B7E38FCE}.Debug|Any CPU.Build.0 = Debug|Any CPU
		{BAF04395-827E-422F-8CE0-1618B7E38FCE}.Release|Any CPU.ActiveCfg = Release|Any CPU
		{BAF04395-827E-422F-8CE0-1618B7E38FCE}.Release|Any CPU.Build.0 = Release|Any CPU
		{3CDEB42D-A375-4E2E-8680-243547E18785}.Debug|Any CPU.ActiveCfg = Debug|Any CPU
		{3CDEB42D-A375-4E2E-8680-243547E18785}.Debug|Any CPU.Build.0 = Debug|Any CPU
		{3CDEB42D-A375-4E2E-8680-243547E18785}.Release|Any CPU.ActiveCfg = Release|Any CPU
		{3CDEB42D-A375-4E2E-8680-243547E18785}.Release|Any CPU.Build.0 = Release|Any CPU
	EndGlobalSection
EndGlobal
